
Microsoft Visual Studio Solution File, Format Version 12.00
Project("{FAE04EC0-301F-11D3-BF4B-00C04F79EFBC}") = "LAB1_PARSER", "LAB1_PARSER\LAB1_PARSER.csproj", "{D31D74EF-4201-407A-A679-5F508FB29115}"
EndProject
Project("{FAE04EC0-301F-11D3-BF4B-00C04F79EFBC}") = "ParserTests", "ParserTests\ParserTests.csproj", "{992C9586-0C21-458C-9CBD-E05485A284A1}"
EndProject
Global
	GlobalSection(SolutionConfigurationPlatforms) = preSolution
		Debug|Any CPU = Debug|Any CPU
		Release|Any CPU = Release|Any CPU
	EndGlobalSection
	GlobalSection(ProjectConfigurationPlatforms) = postSolution
		{D31D74EF-4201-407A-A679-5F508FB29115}.Debug|Any CPU.ActiveCfg = Debug|Any CPU
		{D31D74EF-4201-407A-A679-5F508FB29115}.Debug|Any CPU.Build.0 = Debug|Any CPU
		{D31D74EF-4201-407A-A679-5F508FB29115}.Release|Any CPU.ActiveCfg = Release|Any CPU
		{D31D74EF-4201-407A-A679-5F508FB29115}.Release|Any CPU.Build.0 = Release|Any CPU
		{992C9586-0C21-458C-9CBD-E05485A284A1}.Debug|Any CPU.ActiveCfg = Debug|Any CPU
		{992C9586-0C21-458C-9CBD-E05485A284A1}.Debug|Any CPU.Build.0 = Debug|Any CPU
		{992C9586-0C21-458C-9CBD-E05485A284A1}.Release|Any CPU.ActiveCfg = Release|Any CPU
		{992C9586-0C21-458C-9CBD-E05485A284A1}.Release|Any CPU.Build.0 = Release|Any CPU
	EndGlobalSection
EndGlobal
